// !$*UTF8*$!
{
	archiveVersion = 1;
	classes = {
	};
	objectVersion = 46;
	objects = {

/* Begin PBXBuildFile section */
		13BE95C61D5441F7006943C9 /* AppDelegate.swift in Sources */ = {isa = PBXBuildFile; fileRef = 13BE95C51D5441F7006943C9 /* AppDelegate.swift */; };
		13BE95C81D5441F7006943C9 /* ViewController.swift in Sources */ = {isa = PBXBuildFile; fileRef = 13BE95C71D5441F7006943C9 /* ViewController.swift */; };
		13BE95CB1D5441F7006943C9 /* Main.storyboard in Resources */ = {isa = PBXBuildFile; fileRef = 13BE95C91D5441F7006943C9 /* Main.storyboard */; };
		13BE95CD1D5441F7006943C9 /* Assets.xcassets in Resources */ = {isa = PBXBuildFile; fileRef = 13BE95CC1D5441F7006943C9 /* Assets.xcassets */; };
		13BE95D01D5441F7006943C9 /* LaunchScreen.storyboard in Resources */ = {isa = PBXBuildFile; fileRef = 13BE95CE1D5441F7006943C9 /* LaunchScreen.storyboard */; };
		511E105F1D64B12500DFA107 /* Person.swift in Sources */ = {isa = PBXBuildFile; fileRef = 511E105E1D64B12500DFA107 /* Person.swift */; };
/* End PBXBuildFile section */

/* Begin PBXFileReference section */
		13BE95C21D5441F7006943C9 /* persist data exercise.app */ = {isa = PBXFileReference; explicitFileType = wrapper.application; includeInIndex = 0; path = "persist data exercise.app"; sourceTree = BUILT_PRODUCTS_DIR; };
		13BE95C51D5441F7006943C9 /* AppDelegate.swift */ = {isa = PBXFileReference; lastKnownFileType = sourcecode.swift; path = AppDelegate.swift; sourceTree = "<group>"; };
		13BE95C71D5441F7006943C9 /* ViewController.swift */ = {isa = PBXFileReference; lastKnownFileType = sourcecode.swift; path = ViewController.swift; sourceTree = "<group>"; };
		13BE95CA1D5441F7006943C9 /* Base */ = {isa = PBXFileReference; lastKnownFileType = file.storyboard; name = Base; path = Base.lproj/Main.storyboard; sourceTree = "<group>"; };
		13BE95CC1D5441F7006943C9 /* Assets.xcassets */ = {isa = PBXFileReference; lastKnownFileType = folder.assetcatalog; path = Assets.xcassets; sourceTree = "<group>"; };
		13BE95CF1D5441F7006943C9 /* Base */ = {isa = PBXFileReference; lastKnownFileType = file.storyboard; name = Base; path = Base.lproj/LaunchScreen.storyboard; sourceTree = "<group>"; };
		13BE95D11D5441F7006943C9 /* Info.plist */ = {isa = PBXFileReference; lastKnownFileType = text.plist.xml; path = Info.plist; sourceTree = "<group>"; };
		511E105E1D64B12500DFA107 /* Person.swift */ = {isa = PBXFileReference; fileEncoding = 4; lastKnownFileType = sourcecode.swift; path = Person.swift; sourceTree = "<group>"; };
/* End PBXFileReference section */

/* Begin PBXFrameworksBuildPhase section */
		13BE95BF1D5441F7006943C9 /* Frameworks */ = {
			isa = PBXFrameworksBuildPhase;
			buildActionMask = 2147483647;
			files = (
			);
			runOnlyForDeploymentPostprocessing = 0;
		};
/* End PBXFrameworksBuildPhase section */

/* Begin PBXGroup section */
		13BE95B91D5441F7006943C9 = {
			isa = PBXGroup;
			children = (
				13BE95C41D5441F7006943C9 /* persist data exercise */,
				13BE95C31D5441F7006943C9 /* Products */,
			);
			sourceTree = "<group>";
		};
		13BE95C31D5441F7006943C9 /* Products */ = {
			isa = PBXGroup;
			children = (
				13BE95C21D5441F7006943C9 /* persist data exercise.app */,
			);
			name = Products;
			sourceTree = "<group>";
		};
		13BE95C41D5441F7006943C9 /* persist data exercise */ = {
			isa = PBXGroup;
			children = (
				13BE95C51D5441F7006943C9 /* AppDelegate.swift */,
				13BE95C71D5441F7006943C9 /* ViewController.swift */,
				511E105E1D64B12500DFA107 /* Person.swift */,
				13BE95C91D5441F7006943C9 /* Main.storyboard */,
				13BE95CC1D5441F7006943C9 /* Assets.xcassets */,
				13BE95CE1D5441F7006943C9 /* LaunchScreen.storyboard */,
				13BE95D11D5441F7006943C9 /* Info.plist */,
			);
			path = "persist data exercise";
			sourceTree = "<group>";
		};
/* End PBXGroup section */

/* Begin PBXNativeTarget section */
		13BE95C11D5441F7006943C9 /* persist data exercise */ = {
			isa = PBXNativeTarget;
			buildConfigurationList = 13BE95D41D5441F7006943C9 /* Build configuration list for PBXNativeTarget "persist data exercise" */;
			buildPhases = (
				13BE95BE1D5441F7006943C9 /* Sources */,
				13BE95BF1D5441F7006943C9 /* Frameworks */,
				13BE95C01D5441F7006943C9 /* Resources */,
			);
			buildRules = (
			);
			dependencies = (
			);
			name = "persist data exercise";
			productName = "persist data exercise";
			productReference = 13BE95C21D5441F7006943C9 /* persist data exercise.app */;
			productType = "com.apple.product-type.application";
		};
/* End PBXNativeTarget section */

/* Begin PBXProject section */
		13BE95BA1D5441F7006943C9 /* Project object */ = {
			isa = PBXProject;
			attributes = {
				LastSwiftUpdateCheck = 0800;
				LastUpgradeCheck = 0800;
				ORGANIZATIONNAME = "Jason McCoy";
				TargetAttributes = {
					13BE95C11D5441F7006943C9 = {
						CreatedOnToolsVersion = 8.0;
						DevelopmentTeam = DZK8EVM94K;
						DevelopmentTeamName = "Jason McCoy";
						ProvisioningStyle = Automatic;
					};
				};
			};
			buildConfigurationList = 13BE95BD1D5441F7006943C9 /* Build configuration list for PBXProject "persist data exercise" */;
			compatibilityVersion = "Xcode 3.2";
			developmentRegion = English;
			hasScannedForEncodings = 0;
			knownRegions = (
				en,
				Base,
			);
			mainGroup = 13BE95B91D5441F7006943C9;
			productRefGroup = 13BE95C31D5441F7006943C9 /* Products */;
			projectDirPath = "";
			projectRoot = "";
			targets = (
				13BE95C11D5441F7006943C9 /* persist data exercise */,
			);
		};
/* End PBXProject section */

/* Begin PBXResourcesBuildPhase section */
		13BE95C01D5441F7006943C9 /* Resources */ = {
			isa = PBXResourcesBuildPhase;
			buildActionMask = 2147483647;
			files = (
				13BE95D01D5441F7006943C9 /* LaunchScreen.storyboard in Resources */,
				13BE95CD1D5441F7006943C9 /* Assets.xcassets in Resources */,
				13BE95CB1D5441F7006943C9 /* Main.storyboard in Resources */,
			);
			runOnlyForDeploymentPostprocessing = 0;
		};
/* End PBXResourcesBuildPhase section */

/* Begin PBXSourcesBuildPhase section */
		13BE95BE1D5441F7006943C9 /* Sources */ = {
			isa = PBXSourcesBuildPhase;
			buildActionMask = 2147483647;
			files = (
				13BE95C81D5441F7006943C9 /* ViewController.swift in Sources */,
				511E105F1D64B12500DFA107 /* Person.swift in Sources */,
				13BE95C61D5441F7006943C9 /* AppDelegate.swift in Sources */,
			);
			runOnlyForDeploymentPostprocessing = 0;
		};
/* End PBXSourcesBuildPhase section */

/* Begin PBXVariantGroup section */
		13BE95C91D5441F7006943C9 /* Main.storyboard */ = {
			isa = PBXVariantGroup;
			children = (
				13BE95CA1D5441F7006943C9 /* Base */,
			);
			name = Main.storyboard;
			sourceTree = "<group>";
		};
		13BE95CE1D5441F7006943C9 /* LaunchScreen.storyboard */ = {
			isa = PBXVariantGroup;
			children = (
				13BE95CF1D5441F7006943C9 /* Base */,
			);
			name = LaunchScreen.storyboard;
			sourceTree = "<group>";
		};
/* End PBXVariantGroup section */

/* Begin XCBuildConfiguration section */
		13BE95D21D5441F7006943C9 /* Debug */ = {
			isa = XCBuildConfiguration;
			buildSettings = {
				ALWAYS_SEARCH_USER_PATHS = NO;
				CLANG_ANALYZER_NONNULL = YES;
				CLANG_CXX_LANGUAGE_STANDARD = "gnu++0x";
				CLANG_CXX_LIBRARY = "libc++";
				CLANG_ENABLE_MODULES = YES;
				CLANG_ENABLE_OBJC_ARC = YES;
				CLANG_WARN_BOOL_CONVERSION = YES;
				CLANG_WARN_CONSTANT_CONVERSION = YES;
				CLANG_WARN_DIRECT_OBJC_ISA_USAGE = YES_ERROR;
				CLANG_WARN_DOCUMENTATION_COMMENTS = YES;
				CLANG_WARN_EMPTY_BODY = YES;
				CLANG_WARN_ENUM_CONVERSION = YES;
				CLANG_WARN_INT_CONVERSION = YES;
				CLANG_WARN_OBJC_ROOT_CLASS = YES_ERROR;
				CLANG_WARN_UNREACHABLE_CODE = YES;
				CLANG_WARN__DUPLICATE_METHOD_MATCH = YES;
				"CODE_SIGN_IDENTITY[sdk=iphoneos*]" = "iPhone Developer";
				COPY_PHASE_STRIP = NO;
				DEBUG_INFORMATION_FORMAT = dwarf;
				ENABLE_STRICT_OBJC_MSGSEND = YES;
				ENABLE_TESTABILITY = YES;
				GCC_C_LANGUAGE_STANDARD = gnu99;
				GCC_DYNAMIC_NO_PIC = NO;
				GCC_NO_COMMON_BLOCKS = YES;
				GCC_OPTIMIZATION_LEVEL = 0;
				GCC_PREPROCESSOR_DEFINITIONS = (
					"DEBUG=1",
					"$(inherited)",
				);
				GCC_WARN_64_TO_32_BIT_CONVERSION = YES;
				GCC_WARN_ABOUT_RETURN_TYPE = YES_ERROR;
				GCC_WARN_UNDECLARED_SELECTOR = YES;
				GCC_WARN_UNINITIALIZED_AUTOS = YES_AGGRESSIVE;
				GCC_WARN_UNUSED_FUNCTION = YES;
				GCC_WARN_UNUSED_VARIABLE = YES;
				IPHONEOS_DEPLOYMENT_TARGET = 10.0;
				MTL_ENABLE_DEBUG_INFO = YES;
				ONLY_ACTIVE_ARCH = YES;
				SDKROOT = iphoneos;
				SWIFT_ACTIVE_COMPILATION_CONDITIONS = DEBUG;
				SWIFT_OPTIMIZATION_LEVEL = "-Onone";
				TARGETED_DEVICE_FAMILY = "1,2";
			};
			name = Debug;
		};
		13BE95D31D5441F7006943C9 /* Release */ = {
			isa = XCBuildConfiguration;
			buildSettings = {
				ALWAYS_SEARCH_USER_PATHS = NO;
				CLANG_ANALYZER_NONNULL = YES;
				CLANG_CXX_LANGUAGE_STANDARD = "gnu++0x";
				CLANG_CXX_LIBRARY = "libc++";
				CLANG_ENABLE_MODULES = YES;
				CLANG_ENABLE_OBJC_ARC = YES;
				CLANG_WARN_BOOL_CONVERSION = YES;
				CLANG_WARN_CONSTANT_CONVERSION = YES;
				CLANG_WARN_DIRECT_OBJC_ISA_USAGE = YES_ERROR;
				CLANG_WARN_DOCUMENTATION_COMMENTS = YES;
				CLANG_WARN_EMPTY_BODY = YES;
				CLANG_WARN_ENUM_CONVERSION = YES;
				CLANG_WARN_INT_CONVERSION = YES;
				CLANG_WARN_OBJC_ROOT_CLASS = YES_ERROR;
				CLANG_WARN_UNREACHABLE_CODE = YES;
				CLANG_WARN__DUPLICATE_METHOD_MATCH = YES;
				"CODE_SIGN_IDENTITY[sdk=iphoneos*]" = "iPhone Developer";
				COPY_PHASE_STRIP = NO;
				DEBUG_INFORMATION_FORMAT = "dwarf-with-dsym";
				ENABLE_NS_ASSERTIONS = NO;
				ENABLE_STRICT_OBJC_MSGSEND = YES;
				GCC_C_LANGUAGE_STANDARD = gnu99;
				GCC_NO_COMMON_BLOCKS = YES;
				GCC_WARN_64_TO_32_BIT_CONVERSION = YES;
				GCC_WARN_ABOUT_RETURN_TYPE = YES_ERROR;
				GCC_WARN_UNDECLARED_SELECTOR = YES;
				GCC_WARN_UNINITIALIZED_AUTOS = YES_AGGRESSIVE;
				GCC_WARN_UNUSED_FUNCTION = YES;
				GCC_WARN_UNUSED_VARIABLE = YES;
				IPHONEOS_DEPLOYMENT_TARGET = 10.0;
				MTL_ENABLE_DEBUG_INFO = NO;
				SDKROOT = iphoneos;
				SWIFT_OPTIMIZATION_LEVEL = "-Owholemodule";
				TARGETED_DEVICE_FAMILY = "1,2";
				VALIDATE_PRODUCT = YES;
			};
			name = Release;
		};
		13BE95D51D5441F7006943C9 /* Debug */ = {
			isa = XCBuildConfiguration;
			buildSettings = {
				ASSETCATALOG_COMPILER_APPICON_NAME = AppIcon;
				INFOPLIST_FILE = "persist data exercise/Info.plist";
				LD_RUNPATH_SEARCH_PATHS = "$(inherited) @executable_path/Frameworks";
				PRODUCT_BUNDLE_IDENTIFIER = "com.JasonMcCoy.persist-data-exercise";
				PRODUCT_NAME = "$(TARGET_NAME)";
				SWIFT_VERSION = 3.0;
			};
			name = Debug;
		};
		13BE95D61D5441F7006943C9 /* Release */ = {
			isa = XCBuildConfiguration;
			buildSettings = {
				ASSETCATALOG_COMPILER_APPICON_NAME = AppIcon;
				INFOPLIST_FILE = "persist data exercise/Info.plist";
				LD_RUNPATH_SEARCH_PATHS = "$(inherited) @executable_path/Frameworks";
				PRODUCT_BUNDLE_IDENTIFIER = "com.JasonMcCoy.persist-data-exercise";
				PRODUCT_NAME = "$(TARGET_NAME)";
				SWIFT_VERSION = 3.0;
			};
			name = Release;
		};
/* End XCBuildConfiguration section */

/* Begin XCConfigurationList section */
		13BE95BD1D5441F7006943C9 /* Build configuration list for PBXProject "persist data exercise" */ = {
			isa = XCConfigurationList;
			buildConfigurations = (
				13BE95D21D5441F7006943C9 /* Debug */,
				13BE95D31D5441F7006943C9 /* Release */,
			);
			defaultConfigurationIsVisible = 0;
			defaultConfigurationName = Release;
		};
		13BE95D41D5441F7006943C9 /* Build configuration list for PBXNativeTarget "persist data exercise" */ = {
			isa = XCConfigurationList;
			buildConfigurations = (
				13BE95D51D5441F7006943C9 /* Debug */,
				13BE95D61D5441F7006943C9 /* Release */,
			);
			defaultConfigurationIsVisible = 0;
			defaultConfigurationName = Release;
		};
/* End XCConfigurationList section */
	};
	rootObject = 13BE95BA1D5441F7006943C9 /* Project object */;
}
